
Microsoft Visual Studio Solution File, Format Version 12.00
# Visual Studio Version 16
VisualStudioVersion = 16.0.32228.343
MinimumVisualStudioVersion = 10.0.40219.1
Project("{FAE04EC0-301F-11D3-BF4B-00C04F79EFBC}") = "Archivos binarios", "Archivos binarios.csproj", "{0E3A416F-4149-42E3-988B-2A8145A80D88}"
EndProject
Global
	GlobalSection(SolutionConfigurationPlatforms) = preSolution
		Debug|Any CPU = Debug|Any CPU
		Release|Any CPU = Release|Any CPU
	EndGlobalSection
	GlobalSection(ProjectConfigurationPlatforms) = postSolution
		{0E3A416F-4149-42E3-988B-2A8145A80D88}.Debug|Any CPU.ActiveCfg = Debug|Any CPU
		{0E3A416F-4149-42E3-988B-2A8145A80D88}.Debug|Any CPU.Build.0 = Debug|Any CPU
		{0E3A416F-4149-42E3-988B-2A8145A80D88}.Release|Any CPU.ActiveCfg = Release|Any CPU
		{0E3A416F-4149-42E3-988B-2A8145A80D88}.Release|Any CPU.Build.0 = Release|Any CPU
	EndGlobalSection
	GlobalSection(SolutionProperties) = preSolution
		HideSolutionNode = FALSE
	EndGlobalSection
	GlobalSection(ExtensibilityGlobals) = postSolution
		SolutionGuid = {ABFE56EC-66CA-410F-9774-FE650F69A177}
	EndGlobalSection
EndGlobal
